{
  "requires": true,
  "lockfileVersion": 1,
  "dependencies": {
    "stream-chain": {
      "version": "2.1.0",
      "resolved": "https://registry.npmjs.org/stream-chain/-/stream-chain-2.1.0.tgz",
      "integrity": "sha512-PAUXdRGm0G8P0+/+JEd3O9kfmB9kwmr2nKIc5zhcsHn0KdBByD5PJ2po21iDzc+TZsOSEbU8j4JbAevJsZkLyQ=="
    },
    "stream-json": {
      "version": "1.3.0",
      "resolved": "https://registry.npmjs.org/stream-json/-/stream-json-1.3.0.tgz",
      "integrity": "sha512-3qLDv/xnwmleb5kssgmKbGPqcLou2tbFIgj3CM3fy5PxKaAmeCv103Zp4LKIALdE30zMHTJn09yVwxq773btaw==",
      "requires": {
        "stream-chain": "^2.1.0"
      }
    }
  }
}
